// !$*UTF8*$!
{
	archiveVersion = 1;
	classes = {
	};
	objectVersion = 56;
	objects = {

/* Begin PBXBuildFile section */
		3226D1F82C0C9AF9006987E1 /* AppDelegate.swift in Sources */ = {isa = PBXBuildFile; fileRef = 3226D1F72C0C9AF9006987E1 /* AppDelegate.swift */; };
		3226D1FC2C0C9AFC006987E1 /* Assets.xcassets in Resources */ = {isa = PBXBuildFile; fileRef = 3226D1FB2C0C9AFC006987E1 /* Assets.xcassets */; };
		3226D2002C0C9AFC006987E1 /* Preview Assets.xcassets in Resources */ = {isa = PBXBuildFile; fileRef = 3226D1FF2C0C9AFC006987E1 /* Preview Assets.xcassets */; };
		3226D2072C0C9C56006987E1 /* SceneDelegate.swift in Sources */ = {isa = PBXBuildFile; fileRef = 3226D2062C0C9C56006987E1 /* SceneDelegate.swift */; };
		3226D20C2C0CA039006987E1 /* CurrencyConverterViewController.swift in Sources */ = {isa = PBXBuildFile; fileRef = 3226D20B2C0CA039006987E1 /* CurrencyConverterViewController.swift */; };
		3226D21F2C0CB7F0006987E1 /* NetworkError.swift in Sources */ = {isa = PBXBuildFile; fileRef = 3226D21B2C0CB7EF006987E1 /* NetworkError.swift */; };
		3226D2212C0CB7F0006987E1 /* NetworkServiceProtocol.swift in Sources */ = {isa = PBXBuildFile; fileRef = 3226D21D2C0CB7F0006987E1 /* NetworkServiceProtocol.swift */; };
		3226D2292C0CB806006987E1 /* Endpoint.swift in Sources */ = {isa = PBXBuildFile; fileRef = 3226D2262C0CB806006987E1 /* Endpoint.swift */; };
		3226D22F2C0CB959006987E1 /* NetworkService.swift in Sources */ = {isa = PBXBuildFile; fileRef = 3226D22E2C0CB959006987E1 /* NetworkService.swift */; };
		3226D2312C0CBA93006987E1 /* ExchangeEndpoint.swift in Sources */ = {isa = PBXBuildFile; fileRef = 3226D2302C0CBA93006987E1 /* ExchangeEndpoint.swift */; };
		3226D2332C0CBB48006987E1 /* ExchangeAmount.swift in Sources */ = {isa = PBXBuildFile; fileRef = 3226D2322C0CBB48006987E1 /* ExchangeAmount.swift */; };
		3226D2372C0CC3C9006987E1 /* ExchangeRepositoryImpl.swift in Sources */ = {isa = PBXBuildFile; fileRef = 3226D2362C0CC3C9006987E1 /* ExchangeRepositoryImpl.swift */; };
		3226D2392C0D03CD006987E1 /* ExchangeRepository.swift in Sources */ = {isa = PBXBuildFile; fileRef = 3226D2382C0D03CD006987E1 /* ExchangeRepository.swift */; };
		3226D23C2C0D0662006987E1 /* ConversionRateRequest.swift in Sources */ = {isa = PBXBuildFile; fileRef = 3226D23B2C0D0662006987E1 /* ConversionRateRequest.swift */; };
		3226D23E2C0D18D2006987E1 /* ExchangeCurrencyUseCase.swift in Sources */ = {isa = PBXBuildFile; fileRef = 3226D23D2C0D18D2006987E1 /* ExchangeCurrencyUseCase.swift */; };
		3226D2402C0D1BD4006987E1 /* ExchangeCurrencyVIewModel.swift in Sources */ = {isa = PBXBuildFile; fileRef = 3226D23F2C0D1BD4006987E1 /* ExchangeCurrencyVIewModel.swift */; };
		322CD1E32C167A830000B27C /* AvailableCurrenciesUseCase.swift in Sources */ = {isa = PBXBuildFile; fileRef = 322CD1E22C167A830000B27C /* AvailableCurrenciesUseCase.swift */; };
		322CD1E52C167B3D0000B27C /* GetAllCurrenciesRepository.swift in Sources */ = {isa = PBXBuildFile; fileRef = 322CD1E42C167B3D0000B27C /* GetAllCurrenciesRepository.swift */; };
		322CD1E72C167BA90000B27C /* GetAllCurrenciesRepositoryImpl.swift in Sources */ = {isa = PBXBuildFile; fileRef = 322CD1E62C167BA90000B27C /* GetAllCurrenciesRepositoryImpl.swift */; };
		322CD1E92C17234E0000B27C /* DomainError.swift in Sources */ = {isa = PBXBuildFile; fileRef = 322CD1E82C17234E0000B27C /* DomainError.swift */; };
		322CD1EC2C17332E0000B27C /* Currency.swift in Sources */ = {isa = PBXBuildFile; fileRef = 322CD1EB2C17332E0000B27C /* Currency.swift */; };
/* End PBXBuildFile section */

/* Begin PBXFileReference section */
		3226D1F42C0C9AF9006987E1 /* CurrencyConverterSample.app */ = {isa = PBXFileReference; explicitFileType = wrapper.application; includeInIndex = 0; path = CurrencyConverterSample.app; sourceTree = BUILT_PRODUCTS_DIR; };
		3226D1F72C0C9AF9006987E1 /* AppDelegate.swift */ = {isa = PBXFileReference; lastKnownFileType = sourcecode.swift; path = AppDelegate.swift; sourceTree = "<group>"; };
		3226D1FB2C0C9AFC006987E1 /* Assets.xcassets */ = {isa = PBXFileReference; lastKnownFileType = folder.assetcatalog; path = Assets.xcassets; sourceTree = "<group>"; };
		3226D1FF2C0C9AFC006987E1 /* Preview Assets.xcassets */ = {isa = PBXFileReference; lastKnownFileType = folder.assetcatalog; path = "Preview Assets.xcassets"; sourceTree = "<group>"; };
		3226D2062C0C9C56006987E1 /* SceneDelegate.swift */ = {isa = PBXFileReference; lastKnownFileType = sourcecode.swift; path = SceneDelegate.swift; sourceTree = "<group>"; };
		3226D20A2C0C9FA1006987E1 /* Info.plist */ = {isa = PBXFileReference; lastKnownFileType = text.plist.xml; path = Info.plist; sourceTree = "<group>"; };
		3226D20B2C0CA039006987E1 /* CurrencyConverterViewController.swift */ = {isa = PBXFileReference; lastKnownFileType = sourcecode.swift; path = CurrencyConverterViewController.swift; sourceTree = "<group>"; };
		3226D21B2C0CB7EF006987E1 /* NetworkError.swift */ = {isa = PBXFileReference; fileEncoding = 4; lastKnownFileType = sourcecode.swift; path = NetworkError.swift; sourceTree = "<group>"; };
		3226D21D2C0CB7F0006987E1 /* NetworkServiceProtocol.swift */ = {isa = PBXFileReference; fileEncoding = 4; lastKnownFileType = sourcecode.swift; path = NetworkServiceProtocol.swift; sourceTree = "<group>"; };
		3226D2262C0CB806006987E1 /* Endpoint.swift */ = {isa = PBXFileReference; fileEncoding = 4; lastKnownFileType = sourcecode.swift; path = Endpoint.swift; sourceTree = "<group>"; };
		3226D22E2C0CB959006987E1 /* NetworkService.swift */ = {isa = PBXFileReference; fileEncoding = 4; lastKnownFileType = sourcecode.swift; name = NetworkService.swift; path = CurrencyConverterSample/Data/Networking/NetworkService.swift; sourceTree = SOURCE_ROOT; };
		3226D2302C0CBA93006987E1 /* ExchangeEndpoint.swift */ = {isa = PBXFileReference; fileEncoding = 4; lastKnownFileType = sourcecode.swift; path = ExchangeEndpoint.swift; sourceTree = "<group>"; };
		3226D2322C0CBB48006987E1 /* ExchangeAmount.swift */ = {isa = PBXFileReference; fileEncoding = 4; lastKnownFileType = sourcecode.swift; path = ExchangeAmount.swift; sourceTree = "<group>"; };
		3226D2362C0CC3C9006987E1 /* ExchangeRepositoryImpl.swift */ = {isa = PBXFileReference; lastKnownFileType = sourcecode.swift; path = ExchangeRepositoryImpl.swift; sourceTree = "<group>"; };
		3226D2382C0D03CD006987E1 /* ExchangeRepository.swift */ = {isa = PBXFileReference; lastKnownFileType = sourcecode.swift; path = ExchangeRepository.swift; sourceTree = "<group>"; };
		3226D23B2C0D0662006987E1 /* ConversionRateRequest.swift */ = {isa = PBXFileReference; lastKnownFileType = sourcecode.swift; path = ConversionRateRequest.swift; sourceTree = "<group>"; };
		3226D23D2C0D18D2006987E1 /* ExchangeCurrencyUseCase.swift */ = {isa = PBXFileReference; lastKnownFileType = sourcecode.swift; path = ExchangeCurrencyUseCase.swift; sourceTree = "<group>"; };
		3226D23F2C0D1BD4006987E1 /* ExchangeCurrencyVIewModel.swift */ = {isa = PBXFileReference; lastKnownFileType = sourcecode.swift; path = ExchangeCurrencyVIewModel.swift; sourceTree = "<group>"; };
		322CD1E22C167A830000B27C /* AvailableCurrenciesUseCase.swift */ = {isa = PBXFileReference; lastKnownFileType = sourcecode.swift; path = AvailableCurrenciesUseCase.swift; sourceTree = "<group>"; };
		322CD1E42C167B3D0000B27C /* GetAllCurrenciesRepository.swift */ = {isa = PBXFileReference; lastKnownFileType = sourcecode.swift; path = GetAllCurrenciesRepository.swift; sourceTree = "<group>"; };
		322CD1E62C167BA90000B27C /* GetAllCurrenciesRepositoryImpl.swift */ = {isa = PBXFileReference; lastKnownFileType = sourcecode.swift; path = GetAllCurrenciesRepositoryImpl.swift; sourceTree = "<group>"; };
		322CD1E82C17234E0000B27C /* DomainError.swift */ = {isa = PBXFileReference; lastKnownFileType = sourcecode.swift; path = DomainError.swift; sourceTree = "<group>"; };
		322CD1EB2C17332E0000B27C /* Currency.swift */ = {isa = PBXFileReference; lastKnownFileType = sourcecode.swift; path = Currency.swift; sourceTree = "<group>"; };
/* End PBXFileReference section */

/* Begin PBXFrameworksBuildPhase section */
		3226D1F12C0C9AF9006987E1 /* Frameworks */ = {
			isa = PBXFrameworksBuildPhase;
			buildActionMask = 2147483647;
			files = (
			);
			runOnlyForDeploymentPostprocessing = 0;
		};
/* End PBXFrameworksBuildPhase section */

/* Begin PBXGroup section */
		3226D1EB2C0C9AF9006987E1 = {
			isa = PBXGroup;
			children = (
				3226D1F62C0C9AF9006987E1 /* CurrencyConverterSample */,
				3226D1F52C0C9AF9006987E1 /* Products */,
			);
			sourceTree = "<group>";
		};
		3226D1F52C0C9AF9006987E1 /* Products */ = {
			isa = PBXGroup;
			children = (
				3226D1F42C0C9AF9006987E1 /* CurrencyConverterSample.app */,
			);
			name = Products;
			sourceTree = "<group>";
		};
		3226D1F62C0C9AF9006987E1 /* CurrencyConverterSample */ = {
			isa = PBXGroup;
			children = (
				3226D20E2C0CA379006987E1 /* Presentation */,
				3226D20F2C0CA382006987E1 /* Domain */,
				3226D2102C0CA389006987E1 /* Data */,
				3226D1F72C0C9AF9006987E1 /* AppDelegate.swift */,
				3226D2062C0C9C56006987E1 /* SceneDelegate.swift */,
				3226D20D2C0CA252006987E1 /* Supporting Files */,
				3226D1FE2C0C9AFC006987E1 /* Preview Content */,
			);
			path = CurrencyConverterSample;
			sourceTree = "<group>";
		};
		3226D1FE2C0C9AFC006987E1 /* Preview Content */ = {
			isa = PBXGroup;
			children = (
				3226D1FF2C0C9AFC006987E1 /* Preview Assets.xcassets */,
			);
			path = "Preview Content";
			sourceTree = "<group>";
		};
		3226D20D2C0CA252006987E1 /* Supporting Files */ = {
			isa = PBXGroup;
			children = (
				3226D20A2C0C9FA1006987E1 /* Info.plist */,
				3226D1FB2C0C9AFC006987E1 /* Assets.xcassets */,
			);
			path = "Supporting Files";
			sourceTree = "<group>";
		};
		3226D20E2C0CA379006987E1 /* Presentation */ = {
			isa = PBXGroup;
			children = (
				3226D2112C0CA3BC006987E1 /* View */,
				3226D2122C0CA3C1006987E1 /* ViewModel */,
			);
			path = Presentation;
			sourceTree = "<group>";
		};
		3226D20F2C0CA382006987E1 /* Domain */ = {
			isa = PBXGroup;
			children = (
				3226D2162C0CA535006987E1 /* Errors */,
				3226D2152C0CA52A006987E1 /* Entities */,
				3226D2142C0CA50D006987E1 /* Repository */,
				3226D2132C0CA503006987E1 /* UseCases */,
			);
			path = Domain;
			sourceTree = "<group>";
		};
		3226D2102C0CA389006987E1 /* Data */ = {
			isa = PBXGroup;
			children = (
				322CD1EA2C17331B0000B27C /* Entities */,
				3226D2182C0CA5D9006987E1 /* Repository */,
				3226D2192C0CA5E1006987E1 /* Networking */,
			);
			path = Data;
			sourceTree = "<group>";
		};
		3226D2112C0CA3BC006987E1 /* View */ = {
			isa = PBXGroup;
			children = (
				3226D20B2C0CA039006987E1 /* CurrencyConverterViewController.swift */,
			);
			path = View;
			sourceTree = "<group>";
		};
		3226D2122C0CA3C1006987E1 /* ViewModel */ = {
			isa = PBXGroup;
			children = (
				3226D23F2C0D1BD4006987E1 /* ExchangeCurrencyVIewModel.swift */,
			);
			path = ViewModel;
			sourceTree = "<group>";
		};
		3226D2132C0CA503006987E1 /* UseCases */ = {
			isa = PBXGroup;
			children = (
				3226D23D2C0D18D2006987E1 /* ExchangeCurrencyUseCase.swift */,
				322CD1E22C167A830000B27C /* AvailableCurrenciesUseCase.swift */,
			);
			path = UseCases;
			sourceTree = "<group>";
		};
		3226D2142C0CA50D006987E1 /* Repository */ = {
			isa = PBXGroup;
			children = (
				3226D2382C0D03CD006987E1 /* ExchangeRepository.swift */,
				322CD1E42C167B3D0000B27C /* GetAllCurrenciesRepository.swift */,
			);
			path = Repository;
			sourceTree = "<group>";
		};
		3226D2152C0CA52A006987E1 /* Entities */ = {
			isa = PBXGroup;
			children = (
				3226D23A2C0D057E006987E1 /* Requests */,
				3226D2322C0CBB48006987E1 /* ExchangeAmount.swift */,
			);
			path = Entities;
			sourceTree = "<group>";
		};
		3226D2162C0CA535006987E1 /* Errors */ = {
			isa = PBXGroup;
			children = (
				322CD1E82C17234E0000B27C /* DomainError.swift */,
			);
			path = Errors;
			sourceTree = "<group>";
		};
		3226D2182C0CA5D9006987E1 /* Repository */ = {
			isa = PBXGroup;
			children = (
				3226D2362C0CC3C9006987E1 /* ExchangeRepositoryImpl.swift */,
				322CD1E62C167BA90000B27C /* GetAllCurrenciesRepositoryImpl.swift */,
			);
			path = Repository;
			sourceTree = "<group>";
		};
		3226D2192C0CA5E1006987E1 /* Networking */ = {
			isa = PBXGroup;
			children = (
				3226D2232C0CB806006987E1 /* Endpoints */,
				3226D21D2C0CB7F0006987E1 /* NetworkServiceProtocol.swift */,
				3226D22E2C0CB959006987E1 /* NetworkService.swift */,
				3226D21B2C0CB7EF006987E1 /* NetworkError.swift */,
			);
			path = Networking;
			sourceTree = "<group>";
		};
		3226D2232C0CB806006987E1 /* Endpoints */ = {
			isa = PBXGroup;
			children = (
				3226D2262C0CB806006987E1 /* Endpoint.swift */,
				3226D2302C0CBA93006987E1 /* ExchangeEndpoint.swift */,
			);
			path = Endpoints;
			sourceTree = "<group>";
		};
		3226D23A2C0D057E006987E1 /* Requests */ = {
			isa = PBXGroup;
			children = (
				3226D23B2C0D0662006987E1 /* ConversionRateRequest.swift */,
			);
			path = Requests;
			sourceTree = "<group>";
		};
		322CD1EA2C17331B0000B27C /* Entities */ = {
			isa = PBXGroup;
			children = (
				322CD1EB2C17332E0000B27C /* Currency.swift */,
			);
			path = Entities;
			sourceTree = "<group>";
		};
/* End PBXGroup section */

/* Begin PBXNativeTarget section */
		3226D1F32C0C9AF9006987E1 /* CurrencyConverterSample */ = {
			isa = PBXNativeTarget;
			buildConfigurationList = 3226D2032C0C9AFC006987E1 /* Build configuration list for PBXNativeTarget "CurrencyConverterSample" */;
			buildPhases = (
				3226D1F02C0C9AF9006987E1 /* Sources */,
				3226D1F12C0C9AF9006987E1 /* Frameworks */,
				3226D1F22C0C9AF9006987E1 /* Resources */,
			);
			buildRules = (
			);
			dependencies = (
			);
			name = CurrencyConverterSample;
			productName = CurrencyConverterSample;
			productReference = 3226D1F42C0C9AF9006987E1 /* CurrencyConverterSample.app */;
			productType = "com.apple.product-type.application";
		};
/* End PBXNativeTarget section */

/* Begin PBXProject section */
		3226D1EC2C0C9AF9006987E1 /* Project object */ = {
			isa = PBXProject;
			attributes = {
				BuildIndependentTargetsInParallel = 1;
				LastSwiftUpdateCheck = 1520;
				LastUpgradeCheck = 1520;
				TargetAttributes = {
					3226D1F32C0C9AF9006987E1 = {
						CreatedOnToolsVersion = 15.2;
					};
				};
			};
			buildConfigurationList = 3226D1EF2C0C9AF9006987E1 /* Build configuration list for PBXProject "CurrencyConverterSample" */;
			compatibilityVersion = "Xcode 14.0";
			developmentRegion = en;
			hasScannedForEncodings = 0;
			knownRegions = (
				en,
				Base,
			);
			mainGroup = 3226D1EB2C0C9AF9006987E1;
			productRefGroup = 3226D1F52C0C9AF9006987E1 /* Products */;
			projectDirPath = "";
			projectRoot = "";
			targets = (
				3226D1F32C0C9AF9006987E1 /* CurrencyConverterSample */,
			);
		};
/* End PBXProject section */

/* Begin PBXResourcesBuildPhase section */
		3226D1F22C0C9AF9006987E1 /* Resources */ = {
			isa = PBXResourcesBuildPhase;
			buildActionMask = 2147483647;
			files = (
				3226D2002C0C9AFC006987E1 /* Preview Assets.xcassets in Resources */,
				3226D1FC2C0C9AFC006987E1 /* Assets.xcassets in Resources */,
			);
			runOnlyForDeploymentPostprocessing = 0;
		};
/* End PBXResourcesBuildPhase section */

/* Begin PBXSourcesBuildPhase section */
		3226D1F02C0C9AF9006987E1 /* Sources */ = {
			isa = PBXSourcesBuildPhase;
			buildActionMask = 2147483647;
			files = (
				3226D22F2C0CB959006987E1 /* NetworkService.swift in Sources */,
				3226D23C2C0D0662006987E1 /* ConversionRateRequest.swift in Sources */,
				3226D2402C0D1BD4006987E1 /* ExchangeCurrencyVIewModel.swift in Sources */,
				3226D1F82C0C9AF9006987E1 /* AppDelegate.swift in Sources */,
				3226D2372C0CC3C9006987E1 /* ExchangeRepositoryImpl.swift in Sources */,
				3226D2292C0CB806006987E1 /* Endpoint.swift in Sources */,
				3226D2332C0CBB48006987E1 /* ExchangeAmount.swift in Sources */,
				3226D21F2C0CB7F0006987E1 /* NetworkError.swift in Sources */,
				3226D2312C0CBA93006987E1 /* ExchangeEndpoint.swift in Sources */,
				3226D2212C0CB7F0006987E1 /* NetworkServiceProtocol.swift in Sources */,
				322CD1EC2C17332E0000B27C /* Currency.swift in Sources */,
				322CD1E72C167BA90000B27C /* GetAllCurrenciesRepositoryImpl.swift in Sources */,
				3226D20C2C0CA039006987E1 /* CurrencyConverterViewController.swift in Sources */,
				322CD1E32C167A830000B27C /* AvailableCurrenciesUseCase.swift in Sources */,
				3226D23E2C0D18D2006987E1 /* ExchangeCurrencyUseCase.swift in Sources */,
				3226D2392C0D03CD006987E1 /* ExchangeRepository.swift in Sources */,
				322CD1E52C167B3D0000B27C /* GetAllCurrenciesRepository.swift in Sources */,
				322CD1E92C17234E0000B27C /* DomainError.swift in Sources */,
				3226D2072C0C9C56006987E1 /* SceneDelegate.swift in Sources */,
			);
			runOnlyForDeploymentPostprocessing = 0;
		};
/* End PBXSourcesBuildPhase section */

/* Begin XCBuildConfiguration section */
		3226D2012C0C9AFC006987E1 /* Debug */ = {
			isa = XCBuildConfiguration;
			buildSettings = {
				ALWAYS_SEARCH_USER_PATHS = NO;
				ASSETCATALOG_COMPILER_GENERATE_SWIFT_ASSET_SYMBOL_EXTENSIONS = YES;
				CLANG_ANALYZER_NONNULL = YES;
				CLANG_ANALYZER_NUMBER_OBJECT_CONVERSION = YES_AGGRESSIVE;
				CLANG_CXX_LANGUAGE_STANDARD = "gnu++20";
				CLANG_ENABLE_MODULES = YES;
				CLANG_ENABLE_OBJC_ARC = YES;
				CLANG_ENABLE_OBJC_WEAK = YES;
				CLANG_WARN_BLOCK_CAPTURE_AUTORELEASING = YES;
				CLANG_WARN_BOOL_CONVERSION = YES;
				CLANG_WARN_COMMA = YES;
				CLANG_WARN_CONSTANT_CONVERSION = YES;
				CLANG_WARN_DEPRECATED_OBJC_IMPLEMENTATIONS = YES;
				CLANG_WARN_DIRECT_OBJC_ISA_USAGE = YES_ERROR;
				CLANG_WARN_DOCUMENTATION_COMMENTS = YES;
				CLANG_WARN_EMPTY_BODY = YES;
				CLANG_WARN_ENUM_CONVERSION = YES;
				CLANG_WARN_INFINITE_RECURSION = YES;
				CLANG_WARN_INT_CONVERSION = YES;
				CLANG_WARN_NON_LITERAL_NULL_CONVERSION = YES;
				CLANG_WARN_OBJC_IMPLICIT_RETAIN_SELF = YES;
				CLANG_WARN_OBJC_LITERAL_CONVERSION = YES;
				CLANG_WARN_OBJC_ROOT_CLASS = YES_ERROR;
				CLANG_WARN_QUOTED_INCLUDE_IN_FRAMEWORK_HEADER = YES;
				CLANG_WARN_RANGE_LOOP_ANALYSIS = YES;
				CLANG_WARN_STRICT_PROTOTYPES = YES;
				CLANG_WARN_SUSPICIOUS_MOVE = YES;
				CLANG_WARN_UNGUARDED_AVAILABILITY = YES_AGGRESSIVE;
				CLANG_WARN_UNREACHABLE_CODE = YES;
				CLANG_WARN__DUPLICATE_METHOD_MATCH = YES;
				COPY_PHASE_STRIP = NO;
				DEBUG_INFORMATION_FORMAT = dwarf;
				ENABLE_STRICT_OBJC_MSGSEND = YES;
				ENABLE_TESTABILITY = YES;
				ENABLE_USER_SCRIPT_SANDBOXING = YES;
				GCC_C_LANGUAGE_STANDARD = gnu17;
				GCC_DYNAMIC_NO_PIC = NO;
				GCC_NO_COMMON_BLOCKS = YES;
				GCC_OPTIMIZATION_LEVEL = 0;
				GCC_PREPROCESSOR_DEFINITIONS = (
					"DEBUG=1",
					"$(inherited)",
				);
				GCC_WARN_64_TO_32_BIT_CONVERSION = YES;
				GCC_WARN_ABOUT_RETURN_TYPE = YES_ERROR;
				GCC_WARN_UNDECLARED_SELECTOR = YES;
				GCC_WARN_UNINITIALIZED_AUTOS = YES_AGGRESSIVE;
				GCC_WARN_UNUSED_FUNCTION = YES;
				GCC_WARN_UNUSED_VARIABLE = YES;
				LOCALIZATION_PREFERS_STRING_CATALOGS = YES;
				MTL_ENABLE_DEBUG_INFO = INCLUDE_SOURCE;
				MTL_FAST_MATH = YES;
				ONLY_ACTIVE_ARCH = YES;
				SWIFT_ACTIVE_COMPILATION_CONDITIONS = "DEBUG $(inherited)";
				SWIFT_OPTIMIZATION_LEVEL = "-Onone";
			};
			name = Debug;
		};
		3226D2022C0C9AFC006987E1 /* Release */ = {
			isa = XCBuildConfiguration;
			buildSettings = {
				ALWAYS_SEARCH_USER_PATHS = NO;
				ASSETCATALOG_COMPILER_GENERATE_SWIFT_ASSET_SYMBOL_EXTENSIONS = YES;
				CLANG_ANALYZER_NONNULL = YES;
				CLANG_ANALYZER_NUMBER_OBJECT_CONVERSION = YES_AGGRESSIVE;
				CLANG_CXX_LANGUAGE_STANDARD = "gnu++20";
				CLANG_ENABLE_MODULES = YES;
				CLANG_ENABLE_OBJC_ARC = YES;
				CLANG_ENABLE_OBJC_WEAK = YES;
				CLANG_WARN_BLOCK_CAPTURE_AUTORELEASING = YES;
				CLANG_WARN_BOOL_CONVERSION = YES;
				CLANG_WARN_COMMA = YES;
				CLANG_WARN_CONSTANT_CONVERSION = YES;
				CLANG_WARN_DEPRECATED_OBJC_IMPLEMENTATIONS = YES;
				CLANG_WARN_DIRECT_OBJC_ISA_USAGE = YES_ERROR;
				CLANG_WARN_DOCUMENTATION_COMMENTS = YES;
				CLANG_WARN_EMPTY_BODY = YES;
				CLANG_WARN_ENUM_CONVERSION = YES;
				CLANG_WARN_INFINITE_RECURSION = YES;
				CLANG_WARN_INT_CONVERSION = YES;
				CLANG_WARN_NON_LITERAL_NULL_CONVERSION = YES;
				CLANG_WARN_OBJC_IMPLICIT_RETAIN_SELF = YES;
				CLANG_WARN_OBJC_LITERAL_CONVERSION = YES;
				CLANG_WARN_OBJC_ROOT_CLASS = YES_ERROR;
				CLANG_WARN_QUOTED_INCLUDE_IN_FRAMEWORK_HEADER = YES;
				CLANG_WARN_RANGE_LOOP_ANALYSIS = YES;
				CLANG_WARN_STRICT_PROTOTYPES = YES;
				CLANG_WARN_SUSPICIOUS_MOVE = YES;
				CLANG_WARN_UNGUARDED_AVAILABILITY = YES_AGGRESSIVE;
				CLANG_WARN_UNREACHABLE_CODE = YES;
				CLANG_WARN__DUPLICATE_METHOD_MATCH = YES;
				COPY_PHASE_STRIP = NO;
				DEBUG_INFORMATION_FORMAT = "dwarf-with-dsym";
				ENABLE_NS_ASSERTIONS = NO;
				ENABLE_STRICT_OBJC_MSGSEND = YES;
				ENABLE_USER_SCRIPT_SANDBOXING = YES;
				GCC_C_LANGUAGE_STANDARD = gnu17;
				GCC_NO_COMMON_BLOCKS = YES;
				GCC_WARN_64_TO_32_BIT_CONVERSION = YES;
				GCC_WARN_ABOUT_RETURN_TYPE = YES_ERROR;
				GCC_WARN_UNDECLARED_SELECTOR = YES;
				GCC_WARN_UNINITIALIZED_AUTOS = YES_AGGRESSIVE;
				GCC_WARN_UNUSED_FUNCTION = YES;
				GCC_WARN_UNUSED_VARIABLE = YES;
				LOCALIZATION_PREFERS_STRING_CATALOGS = YES;
				MTL_ENABLE_DEBUG_INFO = NO;
				MTL_FAST_MATH = YES;
				SWIFT_COMPILATION_MODE = wholemodule;
			};
			name = Release;
		};
		3226D2042C0C9AFC006987E1 /* Debug */ = {
			isa = XCBuildConfiguration;
			buildSettings = {
				ASSETCATALOG_COMPILER_APPICON_NAME = AppIcon;
				ASSETCATALOG_COMPILER_GLOBAL_ACCENT_COLOR_NAME = AccentColor;
				CODE_SIGN_STYLE = Automatic;
				CURRENT_PROJECT_VERSION = 1;
				DEVELOPMENT_ASSET_PATHS = "\"CurrencyConverterSample/Preview Content\"";
				ENABLE_PREVIEWS = YES;
				GENERATE_INFOPLIST_FILE = YES;
				INFOPLIST_FILE = "CurrencyConverterSample/Supporting Files/Info.plist";
				"INFOPLIST_KEY_UIApplicationSceneManifest_Generation[sdk=iphoneos*]" = YES;
				"INFOPLIST_KEY_UIApplicationSceneManifest_Generation[sdk=iphonesimulator*]" = YES;
				"INFOPLIST_KEY_UIApplicationSupportsIndirectInputEvents[sdk=iphoneos*]" = YES;
				"INFOPLIST_KEY_UIApplicationSupportsIndirectInputEvents[sdk=iphonesimulator*]" = YES;
				"INFOPLIST_KEY_UILaunchScreen_Generation[sdk=iphoneos*]" = YES;
				"INFOPLIST_KEY_UILaunchScreen_Generation[sdk=iphonesimulator*]" = YES;
				"INFOPLIST_KEY_UIStatusBarStyle[sdk=iphoneos*]" = UIStatusBarStyleDefault;
				"INFOPLIST_KEY_UIStatusBarStyle[sdk=iphonesimulator*]" = UIStatusBarStyleDefault;
				INFOPLIST_KEY_UISupportedInterfaceOrientations_iPad = "UIInterfaceOrientationPortrait UIInterfaceOrientationPortraitUpsideDown UIInterfaceOrientationLandscapeLeft UIInterfaceOrientationLandscapeRight";
				INFOPLIST_KEY_UISupportedInterfaceOrientations_iPhone = "UIInterfaceOrientationPortrait UIInterfaceOrientationLandscapeLeft UIInterfaceOrientationLandscapeRight";
				IPHONEOS_DEPLOYMENT_TARGET = 16.0;
				LD_RUNPATH_SEARCH_PATHS = "@executable_path/Frameworks";
				"LD_RUNPATH_SEARCH_PATHS[sdk=macosx*]" = "@executable_path/../Frameworks";
				MARKETING_VERSION = 1.1.0;
				PRODUCT_BUNDLE_IDENTIFIER = com.sample.CurrencyConverter.CurrencyConverterSample;
				PRODUCT_NAME = "$(TARGET_NAME)";
				SDKROOT = auto;
				SUPPORTED_PLATFORMS = "iphoneos iphonesimulator";
				SUPPORTS_MACCATALYST = NO;
				SWIFT_EMIT_LOC_STRINGS = YES;
				SWIFT_VERSION = 5.0;
				TARGETED_DEVICE_FAMILY = "1,2";
			};
			name = Debug;
		};
		3226D2052C0C9AFC006987E1 /* Release */ = {
			isa = XCBuildConfiguration;
			buildSettings = {
				ASSETCATALOG_COMPILER_APPICON_NAME = AppIcon;
				ASSETCATALOG_COMPILER_GLOBAL_ACCENT_COLOR_NAME = AccentColor;
				CODE_SIGN_STYLE = Automatic;
				CURRENT_PROJECT_VERSION = 1;
				DEVELOPMENT_ASSET_PATHS = "\"CurrencyConverterSample/Preview Content\"";
				ENABLE_PREVIEWS = YES;
				GENERATE_INFOPLIST_FILE = YES;
				INFOPLIST_FILE = "CurrencyConverterSample/Supporting Files/Info.plist";
				"INFOPLIST_KEY_UIApplicationSceneManifest_Generation[sdk=iphoneos*]" = YES;
				"INFOPLIST_KEY_UIApplicationSceneManifest_Generation[sdk=iphonesimulator*]" = YES;
				"INFOPLIST_KEY_UIApplicationSupportsIndirectInputEvents[sdk=iphoneos*]" = YES;
				"INFOPLIST_KEY_UIApplicationSupportsIndirectInputEvents[sdk=iphonesimulator*]" = YES;
				"INFOPLIST_KEY_UILaunchScreen_Generation[sdk=iphoneos*]" = YES;
				"INFOPLIST_KEY_UILaunchScreen_Generation[sdk=iphonesimulator*]" = YES;
				"INFOPLIST_KEY_UIStatusBarStyle[sdk=iphoneos*]" = UIStatusBarStyleDefault;
				"INFOPLIST_KEY_UIStatusBarStyle[sdk=iphonesimulator*]" = UIStatusBarStyleDefault;
				INFOPLIST_KEY_UISupportedInterfaceOrientations_iPad = "UIInterfaceOrientationPortrait UIInterfaceOrientationPortraitUpsideDown UIInterfaceOrientationLandscapeLeft UIInterfaceOrientationLandscapeRight";
				INFOPLIST_KEY_UISupportedInterfaceOrientations_iPhone = "UIInterfaceOrientationPortrait UIInterfaceOrientationLandscapeLeft UIInterfaceOrientationLandscapeRight";
				IPHONEOS_DEPLOYMENT_TARGET = 16.0;
				LD_RUNPATH_SEARCH_PATHS = "@executable_path/Frameworks";
				"LD_RUNPATH_SEARCH_PATHS[sdk=macosx*]" = "@executable_path/../Frameworks";
				MARKETING_VERSION = 1.1.0;
				PRODUCT_BUNDLE_IDENTIFIER = com.sample.CurrencyConverter.CurrencyConverterSample;
				PRODUCT_NAME = "$(TARGET_NAME)";
				SDKROOT = auto;
				SUPPORTED_PLATFORMS = "iphoneos iphonesimulator";
				SUPPORTS_MACCATALYST = NO;
				SWIFT_EMIT_LOC_STRINGS = YES;
				SWIFT_VERSION = 5.0;
				TARGETED_DEVICE_FAMILY = "1,2";
			};
			name = Release;
		};
/* End XCBuildConfiguration section */

/* Begin XCConfigurationList section */
		3226D1EF2C0C9AF9006987E1 /* Build configuration list for PBXProject "CurrencyConverterSample" */ = {
			isa = XCConfigurationList;
			buildConfigurations = (
				3226D2012C0C9AFC006987E1 /* Debug */,
				3226D2022C0C9AFC006987E1 /* Release */,
			);
			defaultConfigurationIsVisible = 0;
			defaultConfigurationName = Release;
		};
		3226D2032C0C9AFC006987E1 /* Build configuration list for PBXNativeTarget "CurrencyConverterSample" */ = {
			isa = XCConfigurationList;
			buildConfigurations = (
				3226D2042C0C9AFC006987E1 /* Debug */,
				3226D2052C0C9AFC006987E1 /* Release */,
			);
			defaultConfigurationIsVisible = 0;
			defaultConfigurationName = Release;
		};
/* End XCConfigurationList section */
	};
	rootObject = 3226D1EC2C0C9AF9006987E1 /* Project object */;
}
